
Microsoft Visual Studio Solution File, Format Version 12.00
# Visual Studio Version 17
VisualStudioVersion = 17.11.35327.3
MinimumVisualStudioVersion = 10.0.40219.1
Project("{FAE04EC0-301F-11D3-BF4B-00C04F79EFBC}") = "calculator", "calculator\calculator.csproj", "{1BFCF7A7-D729-4DDB-845B-7B2C3DD12604}"
EndProject
Global
	GlobalSection(SolutionConfigurationPlatforms) = preSolution
		Debug|Any CPU = Debug|Any CPU
		Release|Any CPU = Release|Any CPU
	EndGlobalSection
	GlobalSection(ProjectConfigurationPlatforms) = postSolution
		{1BFCF7A7-D729-4DDB-845B-7B2C3DD12604}.Debug|Any CPU.ActiveCfg = Debug|Any CPU
		{1BFCF7A7-D729-4DDB-845B-7B2C3DD12604}.Debug|Any CPU.Build.0 = Debug|Any CPU
		{1BFCF7A7-D729-4DDB-845B-7B2C3DD12604}.Release|Any CPU.ActiveCfg = Release|Any CPU
		{1BFCF7A7-D729-4DDB-845B-7B2C3DD12604}.Release|Any CPU.Build.0 = Release|Any CPU
	EndGlobalSection
	GlobalSection(SolutionProperties) = preSolution
		HideSolutionNode = FALSE
	EndGlobalSection
	GlobalSection(ExtensibilityGlobals) = postSolution
		SolutionGuid = {5B0EDD52-BA03-45D9-8718-76A43FC295DA}
	EndGlobalSection
EndGlobal
